
Microsoft Visual Studio Solution File, Format Version 12.00
# Visual Studio Version 17
VisualStudioVersion = 17.3.32929.385
MinimumVisualStudioVersion = 10.0.40219.1
Project("{9A19103F-16F7-4668-BE54-9A1E7A4F7556}") = "Hope.Web", "Hope.Web\Hope.Web.csproj", "{D5D3C687-383B-4800-A55D-4C610904F23A}"
EndProject
Project("{FAE04EC0-301F-11D3-BF4B-00C04F79EFBC}") = "DomainLayer", "DomainLayer\DomainLayer.csproj", "{800F9358-7258-4E93-AEBA-E1BB642A951D}"
EndProject
Project("{FAE04EC0-301F-11D3-BF4B-00C04F79EFBC}") = "ServiceLayer", "RepositryLayer\ServiceLayer.csproj", "{8334A1EE-5F92-4303-9B9B-FE9C5772AB21}"
EndProject
Global
	GlobalSection(SolutionConfigurationPlatforms) = preSolution
		Debug|Any CPU = Debug|Any CPU
		Release|Any CPU = Release|Any CPU
	EndGlobalSection
	GlobalSection(ProjectConfigurationPlatforms) = postSolution
		{D5D3C687-383B-4800-A55D-4C610904F23A}.Debug|Any CPU.ActiveCfg = Debug|Any CPU
		{D5D3C687-383B-4800-A55D-4C610904F23A}.Debug|Any CPU.Build.0 = Debug|Any CPU
		{D5D3C687-383B-4800-A55D-4C610904F23A}.Release|Any CPU.ActiveCfg = Release|Any CPU
		{D5D3C687-383B-4800-A55D-4C610904F23A}.Release|Any CPU.Build.0 = Release|Any CPU
		{800F9358-7258-4E93-AEBA-E1BB642A951D}.Debug|Any CPU.ActiveCfg = Debug|Any CPU
		{800F9358-7258-4E93-AEBA-E1BB642A951D}.Debug|Any CPU.Build.0 = Debug|Any CPU
		{800F9358-7258-4E93-AEBA-E1BB642A951D}.Release|Any CPU.ActiveCfg = Release|Any CPU
		{800F9358-7258-4E93-AEBA-E1BB642A951D}.Release|Any CPU.Build.0 = Release|Any CPU
		{8334A1EE-5F92-4303-9B9B-FE9C5772AB21}.Debug|Any CPU.ActiveCfg = Debug|Any CPU
		{8334A1EE-5F92-4303-9B9B-FE9C5772AB21}.Debug|Any CPU.Build.0 = Debug|Any CPU
		{8334A1EE-5F92-4303-9B9B-FE9C5772AB21}.Release|Any CPU.ActiveCfg = Release|Any CPU
		{8334A1EE-5F92-4303-9B9B-FE9C5772AB21}.Release|Any CPU.Build.0 = Release|Any CPU
	EndGlobalSection
	GlobalSection(SolutionProperties) = preSolution
		HideSolutionNode = FALSE
	EndGlobalSection
	GlobalSection(ExtensibilityGlobals) = postSolution
		SolutionGuid = {CF9EB9B2-684E-4BBC-B981-2FA9D5358D6A}
	EndGlobalSection
EndGlobal
